// !$*UTF8*$!
{
	archiveVersion = 1;
	classes = {
	};
	objectVersion = 55;
	objects = {

/* Begin PBXBuildFile section */
		BD1DE8C52858866600DE5C31 /* AppDelegate.swift in Sources */ = {isa = PBXBuildFile; fileRef = BD1DE8C42858866600DE5C31 /* AppDelegate.swift */; };
		BD1DE8C72858866600DE5C31 /* ViewController.swift in Sources */ = {isa = PBXBuildFile; fileRef = BD1DE8C62858866600DE5C31 /* ViewController.swift */; };
		BD1DE8C92858866800DE5C31 /* Assets.xcassets in Resources */ = {isa = PBXBuildFile; fileRef = BD1DE8C82858866800DE5C31 /* Assets.xcassets */; };
		BD1DE8CC2858866800DE5C31 /* Main.storyboard in Resources */ = {isa = PBXBuildFile; fileRef = BD1DE8CA2858866800DE5C31 /* Main.storyboard */; };
		BD1DE8D72858866800DE5C31 /* WaybackBrowserTests.swift in Sources */ = {isa = PBXBuildFile; fileRef = BD1DE8D62858866800DE5C31 /* WaybackBrowserTests.swift */; };
		BD1DE8E12858866800DE5C31 /* WaybackBrowserUITests.swift in Sources */ = {isa = PBXBuildFile; fileRef = BD1DE8E02858866800DE5C31 /* WaybackBrowserUITests.swift */; };
		BD1DE8E32858866800DE5C31 /* WaybackBrowserUITestsLaunchTests.swift in Sources */ = {isa = PBXBuildFile; fileRef = BD1DE8E22858866800DE5C31 /* WaybackBrowserUITestsLaunchTests.swift */; };
		BD1DE8FA2858F99300DE5C31 /* home.html in Resources */ = {isa = PBXBuildFile; fileRef = BD1DE8F92858F99300DE5C31 /* home.html */; };
		BD1DE8FC2858FA7B00DE5C31 /* loadpage.html in Resources */ = {isa = PBXBuildFile; fileRef = BD1DE8FB2858FA7B00DE5C31 /* loadpage.html */; };
/* End PBXBuildFile section */

/* Begin PBXContainerItemProxy section */
		BD1DE8D32858866800DE5C31 /* PBXContainerItemProxy */ = {
			isa = PBXContainerItemProxy;
			containerPortal = BD1DE8B92858866600DE5C31 /* Project object */;
			proxyType = 1;
			remoteGlobalIDString = BD1DE8C02858866600DE5C31;
			remoteInfo = WaybackBrowser;
		};
		BD1DE8DD2858866800DE5C31 /* PBXContainerItemProxy */ = {
			isa = PBXContainerItemProxy;
			containerPortal = BD1DE8B92858866600DE5C31 /* Project object */;
			proxyType = 1;
			remoteGlobalIDString = BD1DE8C02858866600DE5C31;
			remoteInfo = WaybackBrowser;
		};
/* End PBXContainerItemProxy section */

/* Begin PBXFileReference section */
		BD1DE8C12858866600DE5C31 /* WaybackBrowser.app */ = {isa = PBXFileReference; explicitFileType = wrapper.application; includeInIndex = 0; path = WaybackBrowser.app; sourceTree = BUILT_PRODUCTS_DIR; };
		BD1DE8C42858866600DE5C31 /* AppDelegate.swift */ = {isa = PBXFileReference; lastKnownFileType = sourcecode.swift; path = AppDelegate.swift; sourceTree = "<group>"; };
		BD1DE8C62858866600DE5C31 /* ViewController.swift */ = {isa = PBXFileReference; lastKnownFileType = sourcecode.swift; path = ViewController.swift; sourceTree = "<group>"; };
		BD1DE8C82858866800DE5C31 /* Assets.xcassets */ = {isa = PBXFileReference; lastKnownFileType = folder.assetcatalog; path = Assets.xcassets; sourceTree = "<group>"; };
		BD1DE8CB2858866800DE5C31 /* Base */ = {isa = PBXFileReference; lastKnownFileType = file.storyboard; name = Base; path = Base.lproj/Main.storyboard; sourceTree = "<group>"; };
		BD1DE8CD2858866800DE5C31 /* WaybackBrowser.entitlements */ = {isa = PBXFileReference; lastKnownFileType = text.plist.entitlements; path = WaybackBrowser.entitlements; sourceTree = "<group>"; };
		BD1DE8D22858866800DE5C31 /* WaybackBrowserTests.xctest */ = {isa = PBXFileReference; explicitFileType = wrapper.cfbundle; includeInIndex = 0; path = WaybackBrowserTests.xctest; sourceTree = BUILT_PRODUCTS_DIR; };
		BD1DE8D62858866800DE5C31 /* WaybackBrowserTests.swift */ = {isa = PBXFileReference; lastKnownFileType = sourcecode.swift; path = WaybackBrowserTests.swift; sourceTree = "<group>"; };
		BD1DE8DC2858866800DE5C31 /* WaybackBrowserUITests.xctest */ = {isa = PBXFileReference; explicitFileType = wrapper.cfbundle; includeInIndex = 0; path = WaybackBrowserUITests.xctest; sourceTree = BUILT_PRODUCTS_DIR; };
		BD1DE8E02858866800DE5C31 /* WaybackBrowserUITests.swift */ = {isa = PBXFileReference; lastKnownFileType = sourcecode.swift; path = WaybackBrowserUITests.swift; sourceTree = "<group>"; };
		BD1DE8E22858866800DE5C31 /* WaybackBrowserUITestsLaunchTests.swift */ = {isa = PBXFileReference; lastKnownFileType = sourcecode.swift; path = WaybackBrowserUITestsLaunchTests.swift; sourceTree = "<group>"; };
		BD1DE8F92858F99300DE5C31 /* home.html */ = {isa = PBXFileReference; lastKnownFileType = text.html; path = home.html; sourceTree = "<group>"; };
		BD1DE8FB2858FA7B00DE5C31 /* loadpage.html */ = {isa = PBXFileReference; lastKnownFileType = text.html; path = loadpage.html; sourceTree = "<group>"; };
/* End PBXFileReference section */

/* Begin PBXFrameworksBuildPhase section */
		BD1DE8BE2858866600DE5C31 /* Frameworks */ = {
			isa = PBXFrameworksBuildPhase;
			buildActionMask = 2147483647;
			files = (
			);
			runOnlyForDeploymentPostprocessing = 0;
		};
		BD1DE8CF2858866800DE5C31 /* Frameworks */ = {
			isa = PBXFrameworksBuildPhase;
			buildActionMask = 2147483647;
			files = (
			);
			runOnlyForDeploymentPostprocessing = 0;
		};
		BD1DE8D92858866800DE5C31 /* Frameworks */ = {
			isa = PBXFrameworksBuildPhase;
			buildActionMask = 2147483647;
			files = (
			);
			runOnlyForDeploymentPostprocessing = 0;
		};
/* End PBXFrameworksBuildPhase section */

/* Begin PBXGroup section */
		BD1DE8B82858866600DE5C31 = {
			isa = PBXGroup;
			children = (
				BD1DE8C32858866600DE5C31 /* WaybackBrowser */,
				BD1DE8D52858866800DE5C31 /* WaybackBrowserTests */,
				BD1DE8DF2858866800DE5C31 /* WaybackBrowserUITests */,
				BD1DE8C22858866600DE5C31 /* Products */,
			);
			sourceTree = "<group>";
		};
		BD1DE8C22858866600DE5C31 /* Products */ = {
			isa = PBXGroup;
			children = (
				BD1DE8C12858866600DE5C31 /* WaybackBrowser.app */,
				BD1DE8D22858866800DE5C31 /* WaybackBrowserTests.xctest */,
				BD1DE8DC2858866800DE5C31 /* WaybackBrowserUITests.xctest */,
			);
			name = Products;
			sourceTree = "<group>";
		};
		BD1DE8C32858866600DE5C31 /* WaybackBrowser */ = {
			isa = PBXGroup;
			children = (
				BD1DE8C42858866600DE5C31 /* AppDelegate.swift */,
				BD1DE8C62858866600DE5C31 /* ViewController.swift */,
				BD1DE8C82858866800DE5C31 /* Assets.xcassets */,
				BD1DE8CA2858866800DE5C31 /* Main.storyboard */,
				BD1DE8F92858F99300DE5C31 /* home.html */,
				BD1DE8FB2858FA7B00DE5C31 /* loadpage.html */,
				BD1DE8CD2858866800DE5C31 /* WaybackBrowser.entitlements */,
			);
			path = WaybackBrowser;
			sourceTree = "<group>";
		};
		BD1DE8D52858866800DE5C31 /* WaybackBrowserTests */ = {
			isa = PBXGroup;
			children = (
				BD1DE8D62858866800DE5C31 /* WaybackBrowserTests.swift */,
			);
			path = WaybackBrowserTests;
			sourceTree = "<group>";
		};
		BD1DE8DF2858866800DE5C31 /* WaybackBrowserUITests */ = {
			isa = PBXGroup;
			children = (
				BD1DE8E02858866800DE5C31 /* WaybackBrowserUITests.swift */,
				BD1DE8E22858866800DE5C31 /* WaybackBrowserUITestsLaunchTests.swift */,
			);
			path = WaybackBrowserUITests;
			sourceTree = "<group>";
		};
/* End PBXGroup section */

/* Begin PBXNativeTarget section */
		BD1DE8C02858866600DE5C31 /* WaybackBrowser */ = {
			isa = PBXNativeTarget;
			buildConfigurationList = BD1DE8E62858866800DE5C31 /* Build configuration list for PBXNativeTarget "WaybackBrowser" */;
			buildPhases = (
				BD1DE8BD2858866600DE5C31 /* Sources */,
				BD1DE8BE2858866600DE5C31 /* Frameworks */,
				BD1DE8BF2858866600DE5C31 /* Resources */,
			);
			buildRules = (
			);
			dependencies = (
			);
			name = WaybackBrowser;
			packageProductDependencies = (
			);
			productName = WaybackBrowser;
			productReference = BD1DE8C12858866600DE5C31 /* WaybackBrowser.app */;
			productType = "com.apple.product-type.application";
		};
		BD1DE8D12858866800DE5C31 /* WaybackBrowserTests */ = {
			isa = PBXNativeTarget;
			buildConfigurationList = BD1DE8E92858866800DE5C31 /* Build configuration list for PBXNativeTarget "WaybackBrowserTests" */;
			buildPhases = (
				BD1DE8CE2858866800DE5C31 /* Sources */,
				BD1DE8CF2858866800DE5C31 /* Frameworks */,
				BD1DE8D02858866800DE5C31 /* Resources */,
			);
			buildRules = (
			);
			dependencies = (
				BD1DE8D42858866800DE5C31 /* PBXTargetDependency */,
			);
			name = WaybackBrowserTests;
			productName = WaybackBrowserTests;
			productReference = BD1DE8D22858866800DE5C31 /* WaybackBrowserTests.xctest */;
			productType = "com.apple.product-type.bundle.unit-test";
		};
		BD1DE8DB2858866800DE5C31 /* WaybackBrowserUITests */ = {
			isa = PBXNativeTarget;
			buildConfigurationList = BD1DE8EC2858866800DE5C31 /* Build configuration list for PBXNativeTarget "WaybackBrowserUITests" */;
			buildPhases = (
				BD1DE8D82858866800DE5C31 /* Sources */,
				BD1DE8D92858866800DE5C31 /* Frameworks */,
				BD1DE8DA2858866800DE5C31 /* Resources */,
			);
			buildRules = (
			);
			dependencies = (
				BD1DE8DE2858866800DE5C31 /* PBXTargetDependency */,
			);
			name = WaybackBrowserUITests;
			productName = WaybackBrowserUITests;
			productReference = BD1DE8DC2858866800DE5C31 /* WaybackBrowserUITests.xctest */;
			productType = "com.apple.product-type.bundle.ui-testing";
		};
/* End PBXNativeTarget section */

/* Begin PBXProject section */
		BD1DE8B92858866600DE5C31 /* Project object */ = {
			isa = PBXProject;
			attributes = {
				BuildIndependentTargetsInParallel = 1;
				LastSwiftUpdateCheck = 1330;
				LastUpgradeCheck = 1330;
				TargetAttributes = {
					BD1DE8C02858866600DE5C31 = {
						CreatedOnToolsVersion = 13.3;
					};
					BD1DE8D12858866800DE5C31 = {
						CreatedOnToolsVersion = 13.3;
						TestTargetID = BD1DE8C02858866600DE5C31;
					};
					BD1DE8DB2858866800DE5C31 = {
						CreatedOnToolsVersion = 13.3;
						TestTargetID = BD1DE8C02858866600DE5C31;
					};
				};
			};
			buildConfigurationList = BD1DE8BC2858866600DE5C31 /* Build configuration list for PBXProject "WaybackBrowser" */;
			compatibilityVersion = "Xcode 13.0";
			developmentRegion = en;
			hasScannedForEncodings = 0;
			knownRegions = (
				en,
				Base,
			);
			mainGroup = BD1DE8B82858866600DE5C31;
			packageReferences = (
				BD1DE8F12858899300DE5C31 /* XCRemoteSwiftPackageReference "PythonKit" */,
				BD1DE8F42858F8AA00DE5C31 /* XCRemoteSwiftPackageReference "swift-exec" */,
			);
			productRefGroup = BD1DE8C22858866600DE5C31 /* Products */;
			projectDirPath = "";
			projectRoot = "";
			targets = (
				BD1DE8C02858866600DE5C31 /* WaybackBrowser */,
				BD1DE8D12858866800DE5C31 /* WaybackBrowserTests */,
				BD1DE8DB2858866800DE5C31 /* WaybackBrowserUITests */,
			);
		};
/* End PBXProject section */

/* Begin PBXResourcesBuildPhase section */
		BD1DE8BF2858866600DE5C31 /* Resources */ = {
			isa = PBXResourcesBuildPhase;
			buildActionMask = 2147483647;
			files = (
				BD1DE8C92858866800DE5C31 /* Assets.xcassets in Resources */,
				BD1DE8FC2858FA7B00DE5C31 /* loadpage.html in Resources */,
				BD1DE8FA2858F99300DE5C31 /* home.html in Resources */,
				BD1DE8CC2858866800DE5C31 /* Main.storyboard in Resources */,
			);
			runOnlyForDeploymentPostprocessing = 0;
		};
		BD1DE8D02858866800DE5C31 /* Resources */ = {
			isa = PBXResourcesBuildPhase;
			buildActionMask = 2147483647;
			files = (
			);
			runOnlyForDeploymentPostprocessing = 0;
		};
		BD1DE8DA2858866800DE5C31 /* Resources */ = {
			isa = PBXResourcesBuildPhase;
			buildActionMask = 2147483647;
			files = (
			);
			runOnlyForDeploymentPostprocessing = 0;
		};
/* End PBXResourcesBuildPhase section */

/* Begin PBXSourcesBuildPhase section */
		BD1DE8BD2858866600DE5C31 /* Sources */ = {
			isa = PBXSourcesBuildPhase;
			buildActionMask = 2147483647;
			files = (
				BD1DE8C72858866600DE5C31 /* ViewController.swift in Sources */,
				BD1DE8C52858866600DE5C31 /* AppDelegate.swift in Sources */,
			);
			runOnlyForDeploymentPostprocessing = 0;
		};
		BD1DE8CE2858866800DE5C31 /* Sources */ = {
			isa = PBXSourcesBuildPhase;
			buildActionMask = 2147483647;
			files = (
				BD1DE8D72858866800DE5C31 /* WaybackBrowserTests.swift in Sources */,
			);
			runOnlyForDeploymentPostprocessing = 0;
		};
		BD1DE8D82858866800DE5C31 /* Sources */ = {
			isa = PBXSourcesBuildPhase;
			buildActionMask = 2147483647;
			files = (
				BD1DE8E32858866800DE5C31 /* WaybackBrowserUITestsLaunchTests.swift in Sources */,
				BD1DE8E12858866800DE5C31 /* WaybackBrowserUITests.swift in Sources */,
			);
			runOnlyForDeploymentPostprocessing = 0;
		};
/* End PBXSourcesBuildPhase section */

/* Begin PBXTargetDependency section */
		BD1DE8D42858866800DE5C31 /* PBXTargetDependency */ = {
			isa = PBXTargetDependency;
			target = BD1DE8C02858866600DE5C31 /* WaybackBrowser */;
			targetProxy = BD1DE8D32858866800DE5C31 /* PBXContainerItemProxy */;
		};
		BD1DE8DE2858866800DE5C31 /* PBXTargetDependency */ = {
			isa = PBXTargetDependency;
			target = BD1DE8C02858866600DE5C31 /* WaybackBrowser */;
			targetProxy = BD1DE8DD2858866800DE5C31 /* PBXContainerItemProxy */;
		};
/* End PBXTargetDependency section */

/* Begin PBXVariantGroup section */
		BD1DE8CA2858866800DE5C31 /* Main.storyboard */ = {
			isa = PBXVariantGroup;
			children = (
				BD1DE8CB2858866800DE5C31 /* Base */,
			);
			name = Main.storyboard;
			sourceTree = "<group>";
		};
/* End PBXVariantGroup section */

/* Begin XCBuildConfiguration section */
		BD1DE8E42858866800DE5C31 /* Debug */ = {
			isa = XCBuildConfiguration;
			buildSettings = {
				ALWAYS_SEARCH_USER_PATHS = NO;
				CLANG_ANALYZER_NONNULL = YES;
				CLANG_ANALYZER_NUMBER_OBJECT_CONVERSION = YES_AGGRESSIVE;
				CLANG_CXX_LANGUAGE_STANDARD = "gnu++17";
				CLANG_ENABLE_MODULES = YES;
				CLANG_ENABLE_OBJC_ARC = YES;
				CLANG_ENABLE_OBJC_WEAK = YES;
				CLANG_WARN_BLOCK_CAPTURE_AUTORELEASING = YES;
				CLANG_WARN_BOOL_CONVERSION = YES;
				CLANG_WARN_COMMA = YES;
				CLANG_WARN_CONSTANT_CONVERSION = YES;
				CLANG_WARN_DEPRECATED_OBJC_IMPLEMENTATIONS = YES;
				CLANG_WARN_DIRECT_OBJC_ISA_USAGE = YES_ERROR;
				CLANG_WARN_DOCUMENTATION_COMMENTS = YES;
				CLANG_WARN_EMPTY_BODY = YES;
				CLANG_WARN_ENUM_CONVERSION = YES;
				CLANG_WARN_INFINITE_RECURSION = YES;
				CLANG_WARN_INT_CONVERSION = YES;
				CLANG_WARN_NON_LITERAL_NULL_CONVERSION = YES;
				CLANG_WARN_OBJC_IMPLICIT_RETAIN_SELF = YES;
				CLANG_WARN_OBJC_LITERAL_CONVERSION = YES;
				CLANG_WARN_OBJC_ROOT_CLASS = YES_ERROR;
				CLANG_WARN_QUOTED_INCLUDE_IN_FRAMEWORK_HEADER = YES;
				CLANG_WARN_RANGE_LOOP_ANALYSIS = YES;
				CLANG_WARN_STRICT_PROTOTYPES = YES;
				CLANG_WARN_SUSPICIOUS_MOVE = YES;
				CLANG_WARN_UNGUARDED_AVAILABILITY = YES_AGGRESSIVE;
				CLANG_WARN_UNREACHABLE_CODE = YES;
				CLANG_WARN__DUPLICATE_METHOD_MATCH = YES;
				COPY_PHASE_STRIP = NO;
				DEBUG_INFORMATION_FORMAT = dwarf;
				ENABLE_STRICT_OBJC_MSGSEND = YES;
				ENABLE_TESTABILITY = YES;
				GCC_C_LANGUAGE_STANDARD = gnu11;
				GCC_DYNAMIC_NO_PIC = NO;
				GCC_NO_COMMON_BLOCKS = YES;
				GCC_OPTIMIZATION_LEVEL = 0;
				GCC_PREPROCESSOR_DEFINITIONS = (
					"DEBUG=1",
					"$(inherited)",
				);
				GCC_WARN_64_TO_32_BIT_CONVERSION = YES;
				GCC_WARN_ABOUT_RETURN_TYPE = YES_ERROR;
				GCC_WARN_UNDECLARED_SELECTOR = YES;
				GCC_WARN_UNINITIALIZED_AUTOS = YES_AGGRESSIVE;
				GCC_WARN_UNUSED_FUNCTION = YES;
				GCC_WARN_UNUSED_VARIABLE = YES;
				MACOSX_DEPLOYMENT_TARGET = 12.2;
				MTL_ENABLE_DEBUG_INFO = INCLUDE_SOURCE;
				MTL_FAST_MATH = YES;
				ONLY_ACTIVE_ARCH = YES;
				SDKROOT = macosx;
				SWIFT_ACTIVE_COMPILATION_CONDITIONS = DEBUG;
				SWIFT_OPTIMIZATION_LEVEL = "-Onone";
			};
			name = Debug;
		};
		BD1DE8E52858866800DE5C31 /* Release */ = {
			isa = XCBuildConfiguration;
			buildSettings = {
				ALWAYS_SEARCH_USER_PATHS = NO;
				CLANG_ANALYZER_NONNULL = YES;
				CLANG_ANALYZER_NUMBER_OBJECT_CONVERSION = YES_AGGRESSIVE;
				CLANG_CXX_LANGUAGE_STANDARD = "gnu++17";
				CLANG_ENABLE_MODULES = YES;
				CLANG_ENABLE_OBJC_ARC = YES;
				CLANG_ENABLE_OBJC_WEAK = YES;
				CLANG_WARN_BLOCK_CAPTURE_AUTORELEASING = YES;
				CLANG_WARN_BOOL_CONVERSION = YES;
				CLANG_WARN_COMMA = YES;
				CLANG_WARN_CONSTANT_CONVERSION = YES;
				CLANG_WARN_DEPRECATED_OBJC_IMPLEMENTATIONS = YES;
				CLANG_WARN_DIRECT_OBJC_ISA_USAGE = YES_ERROR;
				CLANG_WARN_DOCUMENTATION_COMMENTS = YES;
				CLANG_WARN_EMPTY_BODY = YES;
				CLANG_WARN_ENUM_CONVERSION = YES;
				CLANG_WARN_INFINITE_RECURSION = YES;
				CLANG_WARN_INT_CONVERSION = YES;
				CLANG_WARN_NON_LITERAL_NULL_CONVERSION = YES;
				CLANG_WARN_OBJC_IMPLICIT_RETAIN_SELF = YES;
				CLANG_WARN_OBJC_LITERAL_CONVERSION = YES;
				CLANG_WARN_OBJC_ROOT_CLASS = YES_ERROR;
				CLANG_WARN_QUOTED_INCLUDE_IN_FRAMEWORK_HEADER = YES;
				CLANG_WARN_RANGE_LOOP_ANALYSIS = YES;
				CLANG_WARN_STRICT_PROTOTYPES = YES;
				CLANG_WARN_SUSPICIOUS_MOVE = YES;
				CLANG_WARN_UNGUARDED_AVAILABILITY = YES_AGGRESSIVE;
				CLANG_WARN_UNREACHABLE_CODE = YES;
				CLANG_WARN__DUPLICATE_METHOD_MATCH = YES;
				COPY_PHASE_STRIP = NO;
				DEBUG_INFORMATION_FORMAT = "dwarf-with-dsym";
				ENABLE_NS_ASSERTIONS = NO;
				ENABLE_STRICT_OBJC_MSGSEND = YES;
				GCC_C_LANGUAGE_STANDARD = gnu11;
				GCC_NO_COMMON_BLOCKS = YES;
				GCC_WARN_64_TO_32_BIT_CONVERSION = YES;
				GCC_WARN_ABOUT_RETURN_TYPE = YES_ERROR;
				GCC_WARN_UNDECLARED_SELECTOR = YES;
				GCC_WARN_UNINITIALIZED_AUTOS = YES_AGGRESSIVE;
				GCC_WARN_UNUSED_FUNCTION = YES;
				GCC_WARN_UNUSED_VARIABLE = YES;
				MACOSX_DEPLOYMENT_TARGET = 12.2;
				MTL_ENABLE_DEBUG_INFO = NO;
				MTL_FAST_MATH = YES;
				SDKROOT = macosx;
				SWIFT_COMPILATION_MODE = wholemodule;
				SWIFT_OPTIMIZATION_LEVEL = "-O";
			};
			name = Release;
		};
		BD1DE8E72858866800DE5C31 /* Debug */ = {
			isa = XCBuildConfiguration;
			buildSettings = {
				ASSETCATALOG_COMPILER_APPICON_NAME = AppIcon;
				ASSETCATALOG_COMPILER_GLOBAL_ACCENT_COLOR_NAME = AccentColor;
				CODE_SIGN_ENTITLEMENTS = WaybackBrowser/WaybackBrowser.entitlements;
				CODE_SIGN_STYLE = Automatic;
				COMBINE_HIDPI_IMAGES = YES;
				CURRENT_PROJECT_VERSION = 1;
				DEVELOPMENT_TEAM = NZTKYG24L3;
				ENABLE_HARDENED_RUNTIME = YES;
				GENERATE_INFOPLIST_FILE = YES;
				INFOPLIST_KEY_NSHumanReadableCopyright = "";
				INFOPLIST_KEY_NSMainStoryboardFile = Main;
				INFOPLIST_KEY_NSPrincipalClass = NSApplication;
				LD_RUNPATH_SEARCH_PATHS = (
					"$(inherited)",
					"@executable_path/../Frameworks",
				);
				MARKETING_VERSION = 1.0;
				PRODUCT_BUNDLE_IDENTIFIER = com.LiamDowd.WaybackBrowser;
				PRODUCT_NAME = "$(TARGET_NAME)";
				SWIFT_EMIT_LOC_STRINGS = YES;
				SWIFT_VERSION = 5.0;
			};
			name = Debug;
		};
		BD1DE8E82858866800DE5C31 /* Release */ = {
			isa = XCBuildConfiguration;
			buildSettings = {
				ASSETCATALOG_COMPILER_APPICON_NAME = AppIcon;
				ASSETCATALOG_COMPILER_GLOBAL_ACCENT_COLOR_NAME = AccentColor;
				CODE_SIGN_ENTITLEMENTS = WaybackBrowser/WaybackBrowser.entitlements;
				CODE_SIGN_STYLE = Automatic;
				COMBINE_HIDPI_IMAGES = YES;
				CURRENT_PROJECT_VERSION = 1;
				DEVELOPMENT_TEAM = NZTKYG24L3;
				ENABLE_HARDENED_RUNTIME = YES;
				GENERATE_INFOPLIST_FILE = YES;
				INFOPLIST_KEY_NSHumanReadableCopyright = "";
				INFOPLIST_KEY_NSMainStoryboardFile = Main;
				INFOPLIST_KEY_NSPrincipalClass = NSApplication;
				LD_RUNPATH_SEARCH_PATHS = (
					"$(inherited)",
					"@executable_path/../Frameworks",
				);
				MARKETING_VERSION = 1.0;
				PRODUCT_BUNDLE_IDENTIFIER = com.LiamDowd.WaybackBrowser;
				PRODUCT_NAME = "$(TARGET_NAME)";
				SWIFT_EMIT_LOC_STRINGS = YES;
				SWIFT_VERSION = 5.0;
			};
			name = Release;
		};
		BD1DE8EA2858866800DE5C31 /* Debug */ = {
			isa = XCBuildConfiguration;
			buildSettings = {
				ALWAYS_EMBED_SWIFT_STANDARD_LIBRARIES = YES;
				BUNDLE_LOADER = "$(TEST_HOST)";
				CODE_SIGN_STYLE = Automatic;
				CURRENT_PROJECT_VERSION = 1;
				DEVELOPMENT_TEAM = NZTKYG24L3;
				GENERATE_INFOPLIST_FILE = YES;
				MACOSX_DEPLOYMENT_TARGET = 12.2;
				MARKETING_VERSION = 1.0;
				PRODUCT_BUNDLE_IDENTIFIER = com.LiamDowd.WaybackBrowserTests;
				PRODUCT_NAME = "$(TARGET_NAME)";
				SWIFT_EMIT_LOC_STRINGS = NO;
				SWIFT_VERSION = 5.0;
				TEST_HOST = "$(BUILT_PRODUCTS_DIR)/WaybackBrowser.app/Contents/MacOS/WaybackBrowser";
			};
			name = Debug;
		};
		BD1DE8EB2858866800DE5C31 /* Release */ = {
			isa = XCBuildConfiguration;
			buildSettings = {
				ALWAYS_EMBED_SWIFT_STANDARD_LIBRARIES = YES;
				BUNDLE_LOADER = "$(TEST_HOST)";
				CODE_SIGN_STYLE = Automatic;
				CURRENT_PROJECT_VERSION = 1;
				DEVELOPMENT_TEAM = NZTKYG24L3;
				GENERATE_INFOPLIST_FILE = YES;
				MACOSX_DEPLOYMENT_TARGET = 12.2;
				MARKETING_VERSION = 1.0;
				PRODUCT_BUNDLE_IDENTIFIER = com.LiamDowd.WaybackBrowserTests;
				PRODUCT_NAME = "$(TARGET_NAME)";
				SWIFT_EMIT_LOC_STRINGS = NO;
				SWIFT_VERSION = 5.0;
				TEST_HOST = "$(BUILT_PRODUCTS_DIR)/WaybackBrowser.app/Contents/MacOS/WaybackBrowser";
			};
			name = Release;
		};
		BD1DE8ED2858866800DE5C31 /* Debug */ = {
			isa = XCBuildConfiguration;
			buildSettings = {
				ALWAYS_EMBED_SWIFT_STANDARD_LIBRARIES = YES;
				CODE_SIGN_STYLE = Automatic;
				CURRENT_PROJECT_VERSION = 1;
				DEVELOPMENT_TEAM = NZTKYG24L3;
				GENERATE_INFOPLIST_FILE = YES;
				MARKETING_VERSION = 1.0;
				PRODUCT_BUNDLE_IDENTIFIER = com.LiamDowd.WaybackBrowserUITests;
				PRODUCT_NAME = "$(TARGET_NAME)";
				SWIFT_EMIT_LOC_STRINGS = NO;
				SWIFT_VERSION = 5.0;
				TEST_TARGET_NAME = WaybackBrowser;
			};
			name = Debug;
		};
		BD1DE8EE2858866800DE5C31 /* Release */ = {
			isa = XCBuildConfiguration;
			buildSettings = {
				ALWAYS_EMBED_SWIFT_STANDARD_LIBRARIES = YES;
				CODE_SIGN_STYLE = Automatic;
				CURRENT_PROJECT_VERSION = 1;
				DEVELOPMENT_TEAM = NZTKYG24L3;
				GENERATE_INFOPLIST_FILE = YES;
				MARKETING_VERSION = 1.0;
				PRODUCT_BUNDLE_IDENTIFIER = com.LiamDowd.WaybackBrowserUITests;
				PRODUCT_NAME = "$(TARGET_NAME)";
				SWIFT_EMIT_LOC_STRINGS = NO;
				SWIFT_VERSION = 5.0;
				TEST_TARGET_NAME = WaybackBrowser;
			};
			name = Release;
		};
/* End XCBuildConfiguration section */

/* Begin XCConfigurationList section */
		BD1DE8BC2858866600DE5C31 /* Build configuration list for PBXProject "WaybackBrowser" */ = {
			isa = XCConfigurationList;
			buildConfigurations = (
				BD1DE8E42858866800DE5C31 /* Debug */,
				BD1DE8E52858866800DE5C31 /* Release */,
			);
			defaultConfigurationIsVisible = 0;
			defaultConfigurationName = Release;
		};
		BD1DE8E62858866800DE5C31 /* Build configuration list for PBXNativeTarget "WaybackBrowser" */ = {
			isa = XCConfigurationList;
			buildConfigurations = (
				BD1DE8E72858866800DE5C31 /* Debug */,
				BD1DE8E82858866800DE5C31 /* Release */,
			);
			defaultConfigurationIsVisible = 0;
			defaultConfigurationName = Release;
		};
		BD1DE8E92858866800DE5C31 /* Build configuration list for PBXNativeTarget "WaybackBrowserTests" */ = {
			isa = XCConfigurationList;
			buildConfigurations = (
				BD1DE8EA2858866800DE5C31 /* Debug */,
				BD1DE8EB2858866800DE5C31 /* Release */,
			);
			defaultConfigurationIsVisible = 0;
			defaultConfigurationName = Release;
		};
		BD1DE8EC2858866800DE5C31 /* Build configuration list for PBXNativeTarget "WaybackBrowserUITests" */ = {
			isa = XCConfigurationList;
			buildConfigurations = (
				BD1DE8ED2858866800DE5C31 /* Debug */,
				BD1DE8EE2858866800DE5C31 /* Release */,
			);
			defaultConfigurationIsVisible = 0;
			defaultConfigurationName = Release;
		};
/* End XCConfigurationList section */

/* Begin XCRemoteSwiftPackageReference section */
		BD1DE8F12858899300DE5C31 /* XCRemoteSwiftPackageReference "PythonKit" */ = {
			isa = XCRemoteSwiftPackageReference;
			repositoryURL = "https://github.com/pvieito/PythonKit";
			requirement = {
				branch = master;
				kind = branch;
			};
		};
		BD1DE8F42858F8AA00DE5C31 /* XCRemoteSwiftPackageReference "swift-exec" */ = {
			isa = XCRemoteSwiftPackageReference;
			repositoryURL = "https://github.com/samuelmeuli/swift-exec";
			requirement = {
				branch = master;
				kind = branch;
			};
		};
/* End XCRemoteSwiftPackageReference section */
	};
	rootObject = BD1DE8B92858866600DE5C31 /* Project object */;
}
